
Microsoft Visual Studio Solution File, Format Version 12.00
# Visual Studio Version 16
VisualStudioVersion = 16.0.33529.622
MinimumVisualStudioVersion = 10.0.40219.1
Project("{FAE04EC0-301F-11D3-BF4B-00C04F79EFBC}") = "HttpTest", "HttpTest\HttpTest.csproj", "{B9B4EB21-D4DE-402F-9ACE-15E8632E747C}"
EndProject
Global
	GlobalSection(SolutionConfigurationPlatforms) = preSolution
		Debug|Any CPU = Debug|Any CPU
		Release|Any CPU = Release|Any CPU
	EndGlobalSection
	GlobalSection(ProjectConfigurationPlatforms) = postSolution
		{B9B4EB21-D4DE-402F-9ACE-15E8632E747C}.Debug|Any CPU.ActiveCfg = Debug|Any CPU
		{B9B4EB21-D4DE-402F-9ACE-15E8632E747C}.Debug|Any CPU.Build.0 = Debug|Any CPU
		{B9B4EB21-D4DE-402F-9ACE-15E8632E747C}.Release|Any CPU.ActiveCfg = Release|Any CPU
		{B9B4EB21-D4DE-402F-9ACE-15E8632E747C}.Release|Any CPU.Build.0 = Release|Any CPU
	EndGlobalSection
	GlobalSection(SolutionProperties) = preSolution
		HideSolutionNode = FALSE
	EndGlobalSection
	GlobalSection(ExtensibilityGlobals) = postSolution
		SolutionGuid = {E75AAC16-CAC3-4310-8469-608DD3E05C1A}
	EndGlobalSection
EndGlobal
